{
  "name": "pipeline",
  "version": "1.0.0",
  "lockfileVersion": 1,
  "requires": true,
  "dependencies": {
    "oc-cli-wrapper": {
      "version": "git+https://github.com/cvarjao-o/node-oc-cli-wrapper.git#58136f0cfe40e8d4f11fc4d7f215bf9d1302a76b",
      "from": "git+https://github.com/cvarjao-o/node-oc-cli-wrapper.git#master"
    }
  }
}
